
Microsoft Visual Studio Solution File, Format Version 12.00
# Visual Studio Version 17
VisualStudioVersion = 17.2.32526.322
MinimumVisualStudioVersion = 10.0.40219.1
Project("{FAE04EC0-301F-11D3-BF4B-00C04F79EFBC}") = "ApplicationTerminal", "ApplicationTerminal\ApplicationTerminal.csproj", "{DE09EAD8-DA92-4139-AFD9-9BF81B7CAD52}"
EndProject
Project("{FAE04EC0-301F-11D3-BF4B-00C04F79EFBC}") = "Models", "Models\Models.csproj", "{5072A15A-3FBD-4930-9DF5-89F1DBD5FDF5}"
EndProject
Project("{FAE04EC0-301F-11D3-BF4B-00C04F79EFBC}") = "Infrastructure", "Infrastructure\Infrastructure.csproj", "{0C444D5E-F39F-42FD-80AB-80364248FEF2}"
EndProject
Project("{FAE04EC0-301F-11D3-BF4B-00C04F79EFBC}") = "Repositories", "Repositories\Repositories.csproj", "{EA5EEA5B-3EB4-47EA-86D5-26CB791BEFAE}"
EndProject
Global
	GlobalSection(SolutionConfigurationPlatforms) = preSolution
		Debug|Any CPU = Debug|Any CPU
		Release|Any CPU = Release|Any CPU
	EndGlobalSection
	GlobalSection(ProjectConfigurationPlatforms) = postSolution
		{DE09EAD8-DA92-4139-AFD9-9BF81B7CAD52}.Debug|Any CPU.ActiveCfg = Debug|Any CPU
		{DE09EAD8-DA92-4139-AFD9-9BF81B7CAD52}.Debug|Any CPU.Build.0 = Debug|Any CPU
		{DE09EAD8-DA92-4139-AFD9-9BF81B7CAD52}.Release|Any CPU.ActiveCfg = Release|Any CPU
		{DE09EAD8-DA92-4139-AFD9-9BF81B7CAD52}.Release|Any CPU.Build.0 = Release|Any CPU
		{5072A15A-3FBD-4930-9DF5-89F1DBD5FDF5}.Debug|Any CPU.ActiveCfg = Debug|Any CPU
		{5072A15A-3FBD-4930-9DF5-89F1DBD5FDF5}.Debug|Any CPU.Build.0 = Debug|Any CPU
		{5072A15A-3FBD-4930-9DF5-89F1DBD5FDF5}.Release|Any CPU.ActiveCfg = Release|Any CPU
		{5072A15A-3FBD-4930-9DF5-89F1DBD5FDF5}.Release|Any CPU.Build.0 = Release|Any CPU
		{0C444D5E-F39F-42FD-80AB-80364248FEF2}.Debug|Any CPU.ActiveCfg = Debug|Any CPU
		{0C444D5E-F39F-42FD-80AB-80364248FEF2}.Debug|Any CPU.Build.0 = Debug|Any CPU
		{0C444D5E-F39F-42FD-80AB-80364248FEF2}.Release|Any CPU.ActiveCfg = Release|Any CPU
		{0C444D5E-F39F-42FD-80AB-80364248FEF2}.Release|Any CPU.Build.0 = Release|Any CPU
		{EA5EEA5B-3EB4-47EA-86D5-26CB791BEFAE}.Debug|Any CPU.ActiveCfg = Debug|Any CPU
		{EA5EEA5B-3EB4-47EA-86D5-26CB791BEFAE}.Debug|Any CPU.Build.0 = Debug|Any CPU
		{EA5EEA5B-3EB4-47EA-86D5-26CB791BEFAE}.Release|Any CPU.ActiveCfg = Release|Any CPU
		{EA5EEA5B-3EB4-47EA-86D5-26CB791BEFAE}.Release|Any CPU.Build.0 = Release|Any CPU
	EndGlobalSection
	GlobalSection(SolutionProperties) = preSolution
		HideSolutionNode = FALSE
	EndGlobalSection
	GlobalSection(ExtensibilityGlobals) = postSolution
		SolutionGuid = {24A82C91-9C3E-4962-A37A-F50111455B86}
	EndGlobalSection
EndGlobal
